
Microsoft Visual Studio Solution File, Format Version 12.00
# Visual Studio Version 16
VisualStudioVersion = 16.0.30225.117
MinimumVisualStudioVersion = 10.0.40219.1
Project("{FAE04EC0-301F-11D3-BF4B-00C04F79EFBC}") = "AzureTestProject1", "AzureTestProject1\AzureTestProject1.csproj", "{4D4A13AB-E311-47C8-B618-92065B8B86A5}"
EndProject
Global
	GlobalSection(SolutionConfigurationPlatforms) = preSolution
		Debug|Any CPU = Debug|Any CPU
		Release|Any CPU = Release|Any CPU
	EndGlobalSection
	GlobalSection(ProjectConfigurationPlatforms) = postSolution
		{4D4A13AB-E311-47C8-B618-92065B8B86A5}.Debug|Any CPU.ActiveCfg = Debug|Any CPU
		{4D4A13AB-E311-47C8-B618-92065B8B86A5}.Debug|Any CPU.Build.0 = Debug|Any CPU
		{4D4A13AB-E311-47C8-B618-92065B8B86A5}.Release|Any CPU.ActiveCfg = Release|Any CPU
		{4D4A13AB-E311-47C8-B618-92065B8B86A5}.Release|Any CPU.Build.0 = Release|Any CPU
	EndGlobalSection
	GlobalSection(SolutionProperties) = preSolution
		HideSolutionNode = FALSE
	EndGlobalSection
	GlobalSection(ExtensibilityGlobals) = postSolution
		SolutionGuid = {C6B75479-0B47-47A4-B97E-2E4996FB2466}
	EndGlobalSection
EndGlobal
